// !$*UTF8*$!
{
	archiveVersion = 1;
	classes = {
	};
	objectVersion = 56;
	objects = {

/* Begin PBXBuildFile section */
		1966CB0D2A3BA61E00D8044F /* ArticleTableViewCell.swift in Sources */ = {isa = PBXBuildFile; fileRef = 1966CB0C2A3BA61E00D8044F /* ArticleTableViewCell.swift */; };
		1966CB0F2A3BA62100D8044F /* ArticleModel.swift in Sources */ = {isa = PBXBuildFile; fileRef = 1966CB0E2A3BA62100D8044F /* ArticleModel.swift */; };
		1966CB102A3BA63000D8044F /* ViewController.swift in Sources */ = {isa = PBXBuildFile; fileRef = 1966CB0B2A3BA5B400D8044F /* ViewController.swift */; };
		19A550A62A3BA55400994FAD /* AppDelegate.swift in Sources */ = {isa = PBXBuildFile; fileRef = 19A550A52A3BA55400994FAD /* AppDelegate.swift */; };
		19A550A82A3BA55400994FAD /* SceneDelegate.swift in Sources */ = {isa = PBXBuildFile; fileRef = 19A550A72A3BA55400994FAD /* SceneDelegate.swift */; };
		19A550AD2A3BA55400994FAD /* Main.storyboard in Resources */ = {isa = PBXBuildFile; fileRef = 19A550AB2A3BA55400994FAD /* Main.storyboard */; };
		19A550AF2A3BA55600994FAD /* Assets.xcassets in Resources */ = {isa = PBXBuildFile; fileRef = 19A550AE2A3BA55600994FAD /* Assets.xcassets */; };
		19A550B22A3BA55600994FAD /* LaunchScreen.storyboard in Resources */ = {isa = PBXBuildFile; fileRef = 19A550B02A3BA55600994FAD /* LaunchScreen.storyboard */; };
/* End PBXBuildFile section */

/* Begin PBXFileReference section */
		1966CB0B2A3BA5B400D8044F /* ViewController.swift */ = {isa = PBXFileReference; lastKnownFileType = sourcecode.swift; path = ViewController.swift; sourceTree = "<group>"; };
		1966CB0C2A3BA61E00D8044F /* ArticleTableViewCell.swift */ = {isa = PBXFileReference; lastKnownFileType = sourcecode.swift; path = ArticleTableViewCell.swift; sourceTree = "<group>"; };
		1966CB0E2A3BA62100D8044F /* ArticleModel.swift */ = {isa = PBXFileReference; lastKnownFileType = sourcecode.swift; path = ArticleModel.swift; sourceTree = "<group>"; };
		19A550A22A3BA55400994FAD /* Senpiper.app */ = {isa = PBXFileReference; explicitFileType = wrapper.application; includeInIndex = 0; path = Senpiper.app; sourceTree = BUILT_PRODUCTS_DIR; };
		19A550A52A3BA55400994FAD /* AppDelegate.swift */ = {isa = PBXFileReference; lastKnownFileType = sourcecode.swift; path = AppDelegate.swift; sourceTree = "<group>"; };
		19A550A72A3BA55400994FAD /* SceneDelegate.swift */ = {isa = PBXFileReference; lastKnownFileType = sourcecode.swift; path = SceneDelegate.swift; sourceTree = "<group>"; };
		19A550AC2A3BA55400994FAD /* Base */ = {isa = PBXFileReference; lastKnownFileType = file.storyboard; name = Base; path = Base.lproj/Main.storyboard; sourceTree = "<group>"; };
		19A550AE2A3BA55600994FAD /* Assets.xcassets */ = {isa = PBXFileReference; lastKnownFileType = folder.assetcatalog; path = Assets.xcassets; sourceTree = "<group>"; };
		19A550B12A3BA55600994FAD /* Base */ = {isa = PBXFileReference; lastKnownFileType = file.storyboard; name = Base; path = Base.lproj/LaunchScreen.storyboard; sourceTree = "<group>"; };
		19A550B32A3BA55600994FAD /* Info.plist */ = {isa = PBXFileReference; lastKnownFileType = text.plist.xml; path = Info.plist; sourceTree = "<group>"; };
/* End PBXFileReference section */

/* Begin PBXFrameworksBuildPhase section */
		19A5509F2A3BA55400994FAD /* Frameworks */ = {
			isa = PBXFrameworksBuildPhase;
			buildActionMask = 2147483647;
			files = (
			);
			runOnlyForDeploymentPostprocessing = 0;
		};
/* End PBXFrameworksBuildPhase section */

/* Begin PBXGroup section */
		1966CB112A3BA65F00D8044F /* Controller */ = {
			isa = PBXGroup;
			children = (
				1966CB0B2A3BA5B400D8044F /* ViewController.swift */,
			);
			path = Controller;
			sourceTree = "<group>";
		};
		1966CB122A3BA67000D8044F /* Model */ = {
			isa = PBXGroup;
			children = (
				1966CB0E2A3BA62100D8044F /* ArticleModel.swift */,
			);
			path = Model;
			sourceTree = "<group>";
		};
		1966CB132A3BA68000D8044F /* View */ = {
			isa = PBXGroup;
			children = (
				1966CB0C2A3BA61E00D8044F /* ArticleTableViewCell.swift */,
			);
			path = View;
			sourceTree = "<group>";
		};
		19A550992A3BA55400994FAD = {
			isa = PBXGroup;
			children = (
				19A550A42A3BA55400994FAD /* Senpiper */,
				19A550A32A3BA55400994FAD /* Products */,
			);
			sourceTree = "<group>";
		};
		19A550A32A3BA55400994FAD /* Products */ = {
			isa = PBXGroup;
			children = (
				19A550A22A3BA55400994FAD /* Senpiper.app */,
			);
			name = Products;
			sourceTree = "<group>";
		};
		19A550A42A3BA55400994FAD /* Senpiper */ = {
			isa = PBXGroup;
			children = (
				19A550A52A3BA55400994FAD /* AppDelegate.swift */,
				19A550A72A3BA55400994FAD /* SceneDelegate.swift */,
				1966CB132A3BA68000D8044F /* View */,
				1966CB122A3BA67000D8044F /* Model */,
				1966CB112A3BA65F00D8044F /* Controller */,
				19A550AB2A3BA55400994FAD /* Main.storyboard */,
				19A550AE2A3BA55600994FAD /* Assets.xcassets */,
				19A550B02A3BA55600994FAD /* LaunchScreen.storyboard */,
				19A550B32A3BA55600994FAD /* Info.plist */,
			);
			path = Senpiper;
			sourceTree = "<group>";
		};
/* End PBXGroup section */

/* Begin PBXNativeTarget section */
		19A550A12A3BA55400994FAD /* Senpiper */ = {
			isa = PBXNativeTarget;
			buildConfigurationList = 19A550B62A3BA55600994FAD /* Build configuration list for PBXNativeTarget "Senpiper" */;
			buildPhases = (
				19A5509E2A3BA55400994FAD /* Sources */,
				19A5509F2A3BA55400994FAD /* Frameworks */,
				19A550A02A3BA55400994FAD /* Resources */,
			);
			buildRules = (
			);
			dependencies = (
			);
			name = Senpiper;
			productName = Senpiper;
			productReference = 19A550A22A3BA55400994FAD /* Senpiper.app */;
			productType = "com.apple.product-type.application";
		};
/* End PBXNativeTarget section */

/* Begin PBXProject section */
		19A5509A2A3BA55400994FAD /* Project object */ = {
			isa = PBXProject;
			attributes = {
				BuildIndependentTargetsInParallel = 1;
				LastSwiftUpdateCheck = 1420;
				LastUpgradeCheck = 1420;
				TargetAttributes = {
					19A550A12A3BA55400994FAD = {
						CreatedOnToolsVersion = 14.2;
					};
				};
			};
			buildConfigurationList = 19A5509D2A3BA55400994FAD /* Build configuration list for PBXProject "Senpiper" */;
			compatibilityVersion = "Xcode 14.0";
			developmentRegion = en;
			hasScannedForEncodings = 0;
			knownRegions = (
				en,
				Base,
			);
			mainGroup = 19A550992A3BA55400994FAD;
			productRefGroup = 19A550A32A3BA55400994FAD /* Products */;
			projectDirPath = "";
			projectRoot = "";
			targets = (
				19A550A12A3BA55400994FAD /* Senpiper */,
			);
		};
/* End PBXProject section */

/* Begin PBXResourcesBuildPhase section */
		19A550A02A3BA55400994FAD /* Resources */ = {
			isa = PBXResourcesBuildPhase;
			buildActionMask = 2147483647;
			files = (
				19A550B22A3BA55600994FAD /* LaunchScreen.storyboard in Resources */,
				19A550AF2A3BA55600994FAD /* Assets.xcassets in Resources */,
				19A550AD2A3BA55400994FAD /* Main.storyboard in Resources */,
			);
			runOnlyForDeploymentPostprocessing = 0;
		};
/* End PBXResourcesBuildPhase section */

/* Begin PBXSourcesBuildPhase section */
		19A5509E2A3BA55400994FAD /* Sources */ = {
			isa = PBXSourcesBuildPhase;
			buildActionMask = 2147483647;
			files = (
				1966CB102A3BA63000D8044F /* ViewController.swift in Sources */,
				19A550A62A3BA55400994FAD /* AppDelegate.swift in Sources */,
				1966CB0D2A3BA61E00D8044F /* ArticleTableViewCell.swift in Sources */,
				1966CB0F2A3BA62100D8044F /* ArticleModel.swift in Sources */,
				19A550A82A3BA55400994FAD /* SceneDelegate.swift in Sources */,
			);
			runOnlyForDeploymentPostprocessing = 0;
		};
/* End PBXSourcesBuildPhase section */

/* Begin PBXVariantGroup section */
		19A550AB2A3BA55400994FAD /* Main.storyboard */ = {
			isa = PBXVariantGroup;
			children = (
				19A550AC2A3BA55400994FAD /* Base */,
			);
			name = Main.storyboard;
			sourceTree = "<group>";
		};
		19A550B02A3BA55600994FAD /* LaunchScreen.storyboard */ = {
			isa = PBXVariantGroup;
			children = (
				19A550B12A3BA55600994FAD /* Base */,
			);
			name = LaunchScreen.storyboard;
			sourceTree = "<group>";
		};
/* End PBXVariantGroup section */

/* Begin XCBuildConfiguration section */
		19A550B42A3BA55600994FAD /* Debug */ = {
			isa = XCBuildConfiguration;
			buildSettings = {
				ALWAYS_SEARCH_USER_PATHS = NO;
				CLANG_ANALYZER_NONNULL = YES;
				CLANG_ANALYZER_NUMBER_OBJECT_CONVERSION = YES_AGGRESSIVE;
				CLANG_CXX_LANGUAGE_STANDARD = "gnu++20";
				CLANG_ENABLE_MODULES = YES;
				CLANG_ENABLE_OBJC_ARC = YES;
				CLANG_ENABLE_OBJC_WEAK = YES;
				CLANG_WARN_BLOCK_CAPTURE_AUTORELEASING = YES;
				CLANG_WARN_BOOL_CONVERSION = YES;
				CLANG_WARN_COMMA = YES;
				CLANG_WARN_CONSTANT_CONVERSION = YES;
				CLANG_WARN_DEPRECATED_OBJC_IMPLEMENTATIONS = YES;
				CLANG_WARN_DIRECT_OBJC_ISA_USAGE = YES_ERROR;
				CLANG_WARN_DOCUMENTATION_COMMENTS = YES;
				CLANG_WARN_EMPTY_BODY = YES;
				CLANG_WARN_ENUM_CONVERSION = YES;
				CLANG_WARN_INFINITE_RECURSION = YES;
				CLANG_WARN_INT_CONVERSION = YES;
				CLANG_WARN_NON_LITERAL_NULL_CONVERSION = YES;
				CLANG_WARN_OBJC_IMPLICIT_RETAIN_SELF = YES;
				CLANG_WARN_OBJC_LITERAL_CONVERSION = YES;
				CLANG_WARN_OBJC_ROOT_CLASS = YES_ERROR;
				CLANG_WARN_QUOTED_INCLUDE_IN_FRAMEWORK_HEADER = YES;
				CLANG_WARN_RANGE_LOOP_ANALYSIS = YES;
				CLANG_WARN_STRICT_PROTOTYPES = YES;
				CLANG_WARN_SUSPICIOUS_MOVE = YES;
				CLANG_WARN_UNGUARDED_AVAILABILITY = YES_AGGRESSIVE;
				CLANG_WARN_UNREACHABLE_CODE = YES;
				CLANG_WARN__DUPLICATE_METHOD_MATCH = YES;
				COPY_PHASE_STRIP = NO;
				DEBUG_INFORMATION_FORMAT = dwarf;
				ENABLE_STRICT_OBJC_MSGSEND = YES;
				ENABLE_TESTABILITY = YES;
				GCC_C_LANGUAGE_STANDARD = gnu11;
				GCC_DYNAMIC_NO_PIC = NO;
				GCC_NO_COMMON_BLOCKS = YES;
				GCC_OPTIMIZATION_LEVEL = 0;
				GCC_PREPROCESSOR_DEFINITIONS = (
					"DEBUG=1",
					"$(inherited)",
				);
				GCC_WARN_64_TO_32_BIT_CONVERSION = YES;
				GCC_WARN_ABOUT_RETURN_TYPE = YES_ERROR;
				GCC_WARN_UNDECLARED_SELECTOR = YES;
				GCC_WARN_UNINITIALIZED_AUTOS = YES_AGGRESSIVE;
				GCC_WARN_UNUSED_FUNCTION = YES;
				GCC_WARN_UNUSED_VARIABLE = YES;
				IPHONEOS_DEPLOYMENT_TARGET = 16.2;
				MTL_ENABLE_DEBUG_INFO = INCLUDE_SOURCE;
				MTL_FAST_MATH = YES;
				ONLY_ACTIVE_ARCH = YES;
				SDKROOT = iphoneos;
				SWIFT_ACTIVE_COMPILATION_CONDITIONS = DEBUG;
				SWIFT_OPTIMIZATION_LEVEL = "-Onone";
			};
			name = Debug;
		};
		19A550B52A3BA55600994FAD /* Release */ = {
			isa = XCBuildConfiguration;
			buildSettings = {
				ALWAYS_SEARCH_USER_PATHS = NO;
				CLANG_ANALYZER_NONNULL = YES;
				CLANG_ANALYZER_NUMBER_OBJECT_CONVERSION = YES_AGGRESSIVE;
				CLANG_CXX_LANGUAGE_STANDARD = "gnu++20";
				CLANG_ENABLE_MODULES = YES;
				CLANG_ENABLE_OBJC_ARC = YES;
				CLANG_ENABLE_OBJC_WEAK = YES;
				CLANG_WARN_BLOCK_CAPTURE_AUTORELEASING = YES;
				CLANG_WARN_BOOL_CONVERSION = YES;
				CLANG_WARN_COMMA = YES;
				CLANG_WARN_CONSTANT_CONVERSION = YES;
				CLANG_WARN_DEPRECATED_OBJC_IMPLEMENTATIONS = YES;
				CLANG_WARN_DIRECT_OBJC_ISA_USAGE = YES_ERROR;
				CLANG_WARN_DOCUMENTATION_COMMENTS = YES;
				CLANG_WARN_EMPTY_BODY = YES;
				CLANG_WARN_ENUM_CONVERSION = YES;
				CLANG_WARN_INFINITE_RECURSION = YES;
				CLANG_WARN_INT_CONVERSION = YES;
				CLANG_WARN_NON_LITERAL_NULL_CONVERSION = YES;
				CLANG_WARN_OBJC_IMPLICIT_RETAIN_SELF = YES;
				CLANG_WARN_OBJC_LITERAL_CONVERSION = YES;
				CLANG_WARN_OBJC_ROOT_CLASS = YES_ERROR;
				CLANG_WARN_QUOTED_INCLUDE_IN_FRAMEWORK_HEADER = YES;
				CLANG_WARN_RANGE_LOOP_ANALYSIS = YES;
				CLANG_WARN_STRICT_PROTOTYPES = YES;
				CLANG_WARN_SUSPICIOUS_MOVE = YES;
				CLANG_WARN_UNGUARDED_AVAILABILITY = YES_AGGRESSIVE;
				CLANG_WARN_UNREACHABLE_CODE = YES;
				CLANG_WARN__DUPLICATE_METHOD_MATCH = YES;
				COPY_PHASE_STRIP = NO;
				DEBUG_INFORMATION_FORMAT = "dwarf-with-dsym";
				ENABLE_NS_ASSERTIONS = NO;
				ENABLE_STRICT_OBJC_MSGSEND = YES;
				GCC_C_LANGUAGE_STANDARD = gnu11;
				GCC_NO_COMMON_BLOCKS = YES;
				GCC_WARN_64_TO_32_BIT_CONVERSION = YES;
				GCC_WARN_ABOUT_RETURN_TYPE = YES_ERROR;
				GCC_WARN_UNDECLARED_SELECTOR = YES;
				GCC_WARN_UNINITIALIZED_AUTOS = YES_AGGRESSIVE;
				GCC_WARN_UNUSED_FUNCTION = YES;
				GCC_WARN_UNUSED_VARIABLE = YES;
				IPHONEOS_DEPLOYMENT_TARGET = 16.2;
				MTL_ENABLE_DEBUG_INFO = NO;
				MTL_FAST_MATH = YES;
				SDKROOT = iphoneos;
				SWIFT_COMPILATION_MODE = wholemodule;
				SWIFT_OPTIMIZATION_LEVEL = "-O";
				VALIDATE_PRODUCT = YES;
			};
			name = Release;
		};
		19A550B72A3BA55600994FAD /* Debug */ = {
			isa = XCBuildConfiguration;
			buildSettings = {
				ASSETCATALOG_COMPILER_APPICON_NAME = AppIcon;
				ASSETCATALOG_COMPILER_GLOBAL_ACCENT_COLOR_NAME = AccentColor;
				CODE_SIGN_STYLE = Automatic;
				CURRENT_PROJECT_VERSION = 1;
				DEVELOPMENT_TEAM = YY38H52DZ8;
				GENERATE_INFOPLIST_FILE = YES;
				INFOPLIST_FILE = Senpiper/Info.plist;
				INFOPLIST_KEY_UIApplicationSupportsIndirectInputEvents = YES;
				INFOPLIST_KEY_UILaunchStoryboardName = LaunchScreen;
				INFOPLIST_KEY_UIMainStoryboardFile = Main;
				INFOPLIST_KEY_UISupportedInterfaceOrientations_iPad = "UIInterfaceOrientationPortrait UIInterfaceOrientationPortraitUpsideDown UIInterfaceOrientationLandscapeLeft UIInterfaceOrientationLandscapeRight";
				INFOPLIST_KEY_UISupportedInterfaceOrientations_iPhone = "UIInterfaceOrientationPortrait UIInterfaceOrientationLandscapeLeft UIInterfaceOrientationLandscapeRight";
				LD_RUNPATH_SEARCH_PATHS = (
					"$(inherited)",
					"@executable_path/Frameworks",
				);
				MARKETING_VERSION = 1.0;
				PRODUCT_BUNDLE_IDENTIFIER = com.nishant.Senpiper;
				PRODUCT_NAME = "$(TARGET_NAME)";
				SWIFT_EMIT_LOC_STRINGS = YES;
				SWIFT_VERSION = 5.0;
				TARGETED_DEVICE_FAMILY = "1,2";
			};
			name = Debug;
		};
		19A550B82A3BA55600994FAD /* Release */ = {
			isa = XCBuildConfiguration;
			buildSettings = {
				ASSETCATALOG_COMPILER_APPICON_NAME = AppIcon;
				ASSETCATALOG_COMPILER_GLOBAL_ACCENT_COLOR_NAME = AccentColor;
				CODE_SIGN_STYLE = Automatic;
				CURRENT_PROJECT_VERSION = 1;
				DEVELOPMENT_TEAM = YY38H52DZ8;
				GENERATE_INFOPLIST_FILE = YES;
				INFOPLIST_FILE = Senpiper/Info.plist;
				INFOPLIST_KEY_UIApplicationSupportsIndirectInputEvents = YES;
				INFOPLIST_KEY_UILaunchStoryboardName = LaunchScreen;
				INFOPLIST_KEY_UIMainStoryboardFile = Main;
				INFOPLIST_KEY_UISupportedInterfaceOrientations_iPad = "UIInterfaceOrientationPortrait UIInterfaceOrientationPortraitUpsideDown UIInterfaceOrientationLandscapeLeft UIInterfaceOrientationLandscapeRight";
				INFOPLIST_KEY_UISupportedInterfaceOrientations_iPhone = "UIInterfaceOrientationPortrait UIInterfaceOrientationLandscapeLeft UIInterfaceOrientationLandscapeRight";
				LD_RUNPATH_SEARCH_PATHS = (
					"$(inherited)",
					"@executable_path/Frameworks",
				);
				MARKETING_VERSION = 1.0;
				PRODUCT_BUNDLE_IDENTIFIER = com.nishant.Senpiper;
				PRODUCT_NAME = "$(TARGET_NAME)";
				SWIFT_EMIT_LOC_STRINGS = YES;
				SWIFT_VERSION = 5.0;
				TARGETED_DEVICE_FAMILY = "1,2";
			};
			name = Release;
		};
/* End XCBuildConfiguration section */

/* Begin XCConfigurationList section */
		19A5509D2A3BA55400994FAD /* Build configuration list for PBXProject "Senpiper" */ = {
			isa = XCConfigurationList;
			buildConfigurations = (
				19A550B42A3BA55600994FAD /* Debug */,
				19A550B52A3BA55600994FAD /* Release */,
			);
			defaultConfigurationIsVisible = 0;
			defaultConfigurationName = Release;
		};
		19A550B62A3BA55600994FAD /* Build configuration list for PBXNativeTarget "Senpiper" */ = {
			isa = XCConfigurationList;
			buildConfigurations = (
				19A550B72A3BA55600994FAD /* Debug */,
				19A550B82A3BA55600994FAD /* Release */,
			);
			defaultConfigurationIsVisible = 0;
			defaultConfigurationName = Release;
		};
/* End XCConfigurationList section */
	};
	rootObject = 19A5509A2A3BA55400994FAD /* Project object */;
}
